// !$*UTF8*$!
{
	archiveVersion = 1;
	classes = {
	};
	objectVersion = 55;
	objects = {

/* Begin PBXBuildFile section */
		4BFE2EFF2897E6010023023E /* AppDelegate.swift in Sources */ = {isa = PBXBuildFile; fileRef = 4BFE2EFE2897E6010023023E /* AppDelegate.swift */; };
		4BFE2F012897E6010023023E /* SceneDelegate.swift in Sources */ = {isa = PBXBuildFile; fileRef = 4BFE2F002897E6010023023E /* SceneDelegate.swift */; };
		4BFE2F062897E6010023023E /* Main.storyboard in Resources */ = {isa = PBXBuildFile; fileRef = 4BFE2F042897E6010023023E /* Main.storyboard */; };
		4BFE2F092897E6010023023E /* GitHubInsta1.xcdatamodeld in Sources */ = {isa = PBXBuildFile; fileRef = 4BFE2F072897E6010023023E /* GitHubInsta1.xcdatamodeld */; };
		4BFE2F0B2897E6020023023E /* Assets.xcassets in Resources */ = {isa = PBXBuildFile; fileRef = 4BFE2F0A2897E6020023023E /* Assets.xcassets */; };
		4BFE2F0E2897E6020023023E /* LaunchScreen.storyboard in Resources */ = {isa = PBXBuildFile; fileRef = 4BFE2F0C2897E6020023023E /* LaunchScreen.storyboard */; };
		4BFE2F182897E66E0023023E /* HomeViewController.swift in Sources */ = {isa = PBXBuildFile; fileRef = 4BFE2F162897E66E0023023E /* HomeViewController.swift */; };
		4BFE2F192897E66E0023023E /* HomeViewController.xib in Resources */ = {isa = PBXBuildFile; fileRef = 4BFE2F172897E66E0023023E /* HomeViewController.xib */; };
		4BFE2F1C2897E6820023023E /* SignInViewController.swift in Sources */ = {isa = PBXBuildFile; fileRef = 4BFE2F1A2897E6820023023E /* SignInViewController.swift */; };
		4BFE2F1D2897E6820023023E /* SignInViewController.xib in Resources */ = {isa = PBXBuildFile; fileRef = 4BFE2F1B2897E6820023023E /* SignInViewController.xib */; };
		4BFE2F202897E6970023023E /* SignUpViewController.swift in Sources */ = {isa = PBXBuildFile; fileRef = 4BFE2F1E2897E6970023023E /* SignUpViewController.swift */; };
		4BFE2F212897E6970023023E /* SignUpViewController.xib in Resources */ = {isa = PBXBuildFile; fileRef = 4BFE2F1F2897E6970023023E /* SignUpViewController.xib */; };
		4BFE2F24289812110023023E /* BaseViewController.swift in Sources */ = {isa = PBXBuildFile; fileRef = 4BFE2F23289812110023023E /* BaseViewController.swift */; };
		4BFE2F27289838E00023023E /* Post.swift in Sources */ = {isa = PBXBuildFile; fileRef = 4BFE2F26289838E00023023E /* Post.swift */; };
		4BFE2F2B28983A6E0023023E /* PostTableViewCell.swift in Sources */ = {isa = PBXBuildFile; fileRef = 4BFE2F2928983A6E0023023E /* PostTableViewCell.swift */; };
		4BFE2F2C28983A6E0023023E /* PostTableViewCell.xib in Resources */ = {isa = PBXBuildFile; fileRef = 4BFE2F2A28983A6E0023023E /* PostTableViewCell.xib */; };
/* End PBXBuildFile section */

/* Begin PBXFileReference section */
		4BFE2EFB2897E6010023023E /* GitHubInsta1.app */ = {isa = PBXFileReference; explicitFileType = wrapper.application; includeInIndex = 0; path = GitHubInsta1.app; sourceTree = BUILT_PRODUCTS_DIR; };
		4BFE2EFE2897E6010023023E /* AppDelegate.swift */ = {isa = PBXFileReference; lastKnownFileType = sourcecode.swift; path = AppDelegate.swift; sourceTree = "<group>"; };
		4BFE2F002897E6010023023E /* SceneDelegate.swift */ = {isa = PBXFileReference; lastKnownFileType = sourcecode.swift; path = SceneDelegate.swift; sourceTree = "<group>"; };
		4BFE2F052897E6010023023E /* Base */ = {isa = PBXFileReference; lastKnownFileType = file.storyboard; name = Base; path = Base.lproj/Main.storyboard; sourceTree = "<group>"; };
		4BFE2F082897E6010023023E /* GitHubInsta1.xcdatamodel */ = {isa = PBXFileReference; lastKnownFileType = wrapper.xcdatamodel; path = GitHubInsta1.xcdatamodel; sourceTree = "<group>"; };
		4BFE2F0A2897E6020023023E /* Assets.xcassets */ = {isa = PBXFileReference; lastKnownFileType = folder.assetcatalog; path = Assets.xcassets; sourceTree = "<group>"; };
		4BFE2F0D2897E6020023023E /* Base */ = {isa = PBXFileReference; lastKnownFileType = file.storyboard; name = Base; path = Base.lproj/LaunchScreen.storyboard; sourceTree = "<group>"; };
		4BFE2F0F2897E6020023023E /* Info.plist */ = {isa = PBXFileReference; lastKnownFileType = text.plist.xml; path = Info.plist; sourceTree = "<group>"; };
		4BFE2F162897E66E0023023E /* HomeViewController.swift */ = {isa = PBXFileReference; lastKnownFileType = sourcecode.swift; path = HomeViewController.swift; sourceTree = "<group>"; };
		4BFE2F172897E66E0023023E /* HomeViewController.xib */ = {isa = PBXFileReference; lastKnownFileType = file.xib; path = HomeViewController.xib; sourceTree = "<group>"; };
		4BFE2F1A2897E6820023023E /* SignInViewController.swift */ = {isa = PBXFileReference; lastKnownFileType = sourcecode.swift; path = SignInViewController.swift; sourceTree = "<group>"; };
		4BFE2F1B2897E6820023023E /* SignInViewController.xib */ = {isa = PBXFileReference; lastKnownFileType = file.xib; path = SignInViewController.xib; sourceTree = "<group>"; };
		4BFE2F1E2897E6970023023E /* SignUpViewController.swift */ = {isa = PBXFileReference; lastKnownFileType = sourcecode.swift; path = SignUpViewController.swift; sourceTree = "<group>"; };
		4BFE2F1F2897E6970023023E /* SignUpViewController.xib */ = {isa = PBXFileReference; lastKnownFileType = file.xib; path = SignUpViewController.xib; sourceTree = "<group>"; };
		4BFE2F23289812110023023E /* BaseViewController.swift */ = {isa = PBXFileReference; lastKnownFileType = sourcecode.swift; path = BaseViewController.swift; sourceTree = "<group>"; };
		4BFE2F26289838E00023023E /* Post.swift */ = {isa = PBXFileReference; lastKnownFileType = sourcecode.swift; path = Post.swift; sourceTree = "<group>"; };
		4BFE2F2928983A6E0023023E /* PostTableViewCell.swift */ = {isa = PBXFileReference; lastKnownFileType = sourcecode.swift; path = PostTableViewCell.swift; sourceTree = "<group>"; };
		4BFE2F2A28983A6E0023023E /* PostTableViewCell.xib */ = {isa = PBXFileReference; lastKnownFileType = file.xib; path = PostTableViewCell.xib; sourceTree = "<group>"; };
/* End PBXFileReference section */

/* Begin PBXFrameworksBuildPhase section */
		4BFE2EF82897E6010023023E /* Frameworks */ = {
			isa = PBXFrameworksBuildPhase;
			buildActionMask = 2147483647;
			files = (
			);
			runOnlyForDeploymentPostprocessing = 0;
		};
/* End PBXFrameworksBuildPhase section */

/* Begin PBXGroup section */
		4BFE2EF22897E6010023023E = {
			isa = PBXGroup;
			children = (
				4BFE2EFD2897E6010023023E /* GitHubInsta1 */,
				4BFE2EFC2897E6010023023E /* Products */,
			);
			sourceTree = "<group>";
		};
		4BFE2EFC2897E6010023023E /* Products */ = {
			isa = PBXGroup;
			children = (
				4BFE2EFB2897E6010023023E /* GitHubInsta1.app */,
			);
			name = Products;
			sourceTree = "<group>";
		};
		4BFE2EFD2897E6010023023E /* GitHubInsta1 */ = {
			isa = PBXGroup;
			children = (
				4BFE2F2828983A330023023E /* cell */,
				4BFE2F25289838C90023023E /* model */,
				4BFE2F222897E6A40023023E /* apputils */,
				4BFE2F152897E6570023023E /* controllers */,
				4BFE2EFE2897E6010023023E /* AppDelegate.swift */,
				4BFE2F002897E6010023023E /* SceneDelegate.swift */,
				4BFE2F0F2897E6020023023E /* Info.plist */,
				4BFE2F072897E6010023023E /* GitHubInsta1.xcdatamodeld */,
			);
			path = GitHubInsta1;
			sourceTree = "<group>";
		};
		4BFE2F152897E6570023023E /* controllers */ = {
			isa = PBXGroup;
			children = (
				4BFE2F23289812110023023E /* BaseViewController.swift */,
				4BFE2F162897E66E0023023E /* HomeViewController.swift */,
				4BFE2F172897E66E0023023E /* HomeViewController.xib */,
				4BFE2F1A2897E6820023023E /* SignInViewController.swift */,
				4BFE2F1B2897E6820023023E /* SignInViewController.xib */,
				4BFE2F1E2897E6970023023E /* SignUpViewController.swift */,
				4BFE2F1F2897E6970023023E /* SignUpViewController.xib */,
			);
			path = controllers;
			sourceTree = "<group>";
		};
		4BFE2F222897E6A40023023E /* apputils */ = {
			isa = PBXGroup;
			children = (
				4BFE2F042897E6010023023E /* Main.storyboard */,
				4BFE2F0A2897E6020023023E /* Assets.xcassets */,
				4BFE2F0C2897E6020023023E /* LaunchScreen.storyboard */,
			);
			path = apputils;
			sourceTree = "<group>";
		};
		4BFE2F25289838C90023023E /* model */ = {
			isa = PBXGroup;
			children = (
				4BFE2F26289838E00023023E /* Post.swift */,
			);
			path = model;
			sourceTree = "<group>";
		};
		4BFE2F2828983A330023023E /* cell */ = {
			isa = PBXGroup;
			children = (
				4BFE2F2928983A6E0023023E /* PostTableViewCell.swift */,
				4BFE2F2A28983A6E0023023E /* PostTableViewCell.xib */,
			);
			path = cell;
			sourceTree = "<group>";
		};
/* End PBXGroup section */

/* Begin PBXNativeTarget section */
		4BFE2EFA2897E6010023023E /* GitHubInsta1 */ = {
			isa = PBXNativeTarget;
			buildConfigurationList = 4BFE2F122897E6020023023E /* Build configuration list for PBXNativeTarget "GitHubInsta1" */;
			buildPhases = (
				4BFE2EF72897E6010023023E /* Sources */,
				4BFE2EF82897E6010023023E /* Frameworks */,
				4BFE2EF92897E6010023023E /* Resources */,
			);
			buildRules = (
			);
			dependencies = (
			);
			name = GitHubInsta1;
			productName = GitHubInsta1;
			productReference = 4BFE2EFB2897E6010023023E /* GitHubInsta1.app */;
			productType = "com.apple.product-type.application";
		};
/* End PBXNativeTarget section */

/* Begin PBXProject section */
		4BFE2EF32897E6010023023E /* Project object */ = {
			isa = PBXProject;
			attributes = {
				BuildIndependentTargetsInParallel = 1;
				LastSwiftUpdateCheck = 1340;
				LastUpgradeCheck = 1340;
				TargetAttributes = {
					4BFE2EFA2897E6010023023E = {
						CreatedOnToolsVersion = 13.4.1;
					};
				};
			};
			buildConfigurationList = 4BFE2EF62897E6010023023E /* Build configuration list for PBXProject "GitHubInsta1" */;
			compatibilityVersion = "Xcode 13.0";
			developmentRegion = en;
			hasScannedForEncodings = 0;
			knownRegions = (
				en,
				Base,
			);
			mainGroup = 4BFE2EF22897E6010023023E;
			productRefGroup = 4BFE2EFC2897E6010023023E /* Products */;
			projectDirPath = "";
			projectRoot = "";
			targets = (
				4BFE2EFA2897E6010023023E /* GitHubInsta1 */,
			);
		};
/* End PBXProject section */

/* Begin PBXResourcesBuildPhase section */
		4BFE2EF92897E6010023023E /* Resources */ = {
			isa = PBXResourcesBuildPhase;
			buildActionMask = 2147483647;
			files = (
				4BFE2F1D2897E6820023023E /* SignInViewController.xib in Resources */,
				4BFE2F0E2897E6020023023E /* LaunchScreen.storyboard in Resources */,
				4BFE2F0B2897E6020023023E /* Assets.xcassets in Resources */,
				4BFE2F062897E6010023023E /* Main.storyboard in Resources */,
				4BFE2F2C28983A6E0023023E /* PostTableViewCell.xib in Resources */,
				4BFE2F212897E6970023023E /* SignUpViewController.xib in Resources */,
				4BFE2F192897E66E0023023E /* HomeViewController.xib in Resources */,
			);
			runOnlyForDeploymentPostprocessing = 0;
		};
/* End PBXResourcesBuildPhase section */

/* Begin PBXSourcesBuildPhase section */
		4BFE2EF72897E6010023023E /* Sources */ = {
			isa = PBXSourcesBuildPhase;
			buildActionMask = 2147483647;
			files = (
				4BFE2F182897E66E0023023E /* HomeViewController.swift in Sources */,
				4BFE2F202897E6970023023E /* SignUpViewController.swift in Sources */,
				4BFE2F092897E6010023023E /* GitHubInsta1.xcdatamodeld in Sources */,
				4BFE2F27289838E00023023E /* Post.swift in Sources */,
				4BFE2F1C2897E6820023023E /* SignInViewController.swift in Sources */,
				4BFE2EFF2897E6010023023E /* AppDelegate.swift in Sources */,
				4BFE2F24289812110023023E /* BaseViewController.swift in Sources */,
				4BFE2F012897E6010023023E /* SceneDelegate.swift in Sources */,
				4BFE2F2B28983A6E0023023E /* PostTableViewCell.swift in Sources */,
			);
			runOnlyForDeploymentPostprocessing = 0;
		};
/* End PBXSourcesBuildPhase section */

/* Begin PBXVariantGroup section */
		4BFE2F042897E6010023023E /* Main.storyboard */ = {
			isa = PBXVariantGroup;
			children = (
				4BFE2F052897E6010023023E /* Base */,
			);
			name = Main.storyboard;
			sourceTree = "<group>";
		};
		4BFE2F0C2897E6020023023E /* LaunchScreen.storyboard */ = {
			isa = PBXVariantGroup;
			children = (
				4BFE2F0D2897E6020023023E /* Base */,
			);
			name = LaunchScreen.storyboard;
			sourceTree = "<group>";
		};
/* End PBXVariantGroup section */

/* Begin XCBuildConfiguration section */
		4BFE2F102897E6020023023E /* Debug */ = {
			isa = XCBuildConfiguration;
			buildSettings = {
				ALWAYS_SEARCH_USER_PATHS = NO;
				CLANG_ANALYZER_NONNULL = YES;
				CLANG_ANALYZER_NUMBER_OBJECT_CONVERSION = YES_AGGRESSIVE;
				CLANG_CXX_LANGUAGE_STANDARD = "gnu++17";
				CLANG_ENABLE_MODULES = YES;
				CLANG_ENABLE_OBJC_ARC = YES;
				CLANG_ENABLE_OBJC_WEAK = YES;
				CLANG_WARN_BLOCK_CAPTURE_AUTORELEASING = YES;
				CLANG_WARN_BOOL_CONVERSION = YES;
				CLANG_WARN_COMMA = YES;
				CLANG_WARN_CONSTANT_CONVERSION = YES;
				CLANG_WARN_DEPRECATED_OBJC_IMPLEMENTATIONS = YES;
				CLANG_WARN_DIRECT_OBJC_ISA_USAGE = YES_ERROR;
				CLANG_WARN_DOCUMENTATION_COMMENTS = YES;
				CLANG_WARN_EMPTY_BODY = YES;
				CLANG_WARN_ENUM_CONVERSION = YES;
				CLANG_WARN_INFINITE_RECURSION = YES;
				CLANG_WARN_INT_CONVERSION = YES;
				CLANG_WARN_NON_LITERAL_NULL_CONVERSION = YES;
				CLANG_WARN_OBJC_IMPLICIT_RETAIN_SELF = YES;
				CLANG_WARN_OBJC_LITERAL_CONVERSION = YES;
				CLANG_WARN_OBJC_ROOT_CLASS = YES_ERROR;
				CLANG_WARN_QUOTED_INCLUDE_IN_FRAMEWORK_HEADER = YES;
				CLANG_WARN_RANGE_LOOP_ANALYSIS = YES;
				CLANG_WARN_STRICT_PROTOTYPES = YES;
				CLANG_WARN_SUSPICIOUS_MOVE = YES;
				CLANG_WARN_UNGUARDED_AVAILABILITY = YES_AGGRESSIVE;
				CLANG_WARN_UNREACHABLE_CODE = YES;
				CLANG_WARN__DUPLICATE_METHOD_MATCH = YES;
				COPY_PHASE_STRIP = NO;
				DEBUG_INFORMATION_FORMAT = dwarf;
				ENABLE_STRICT_OBJC_MSGSEND = YES;
				ENABLE_TESTABILITY = YES;
				GCC_C_LANGUAGE_STANDARD = gnu11;
				GCC_DYNAMIC_NO_PIC = NO;
				GCC_NO_COMMON_BLOCKS = YES;
				GCC_OPTIMIZATION_LEVEL = 0;
				GCC_PREPROCESSOR_DEFINITIONS = (
					"DEBUG=1",
					"$(inherited)",
				);
				GCC_WARN_64_TO_32_BIT_CONVERSION = YES;
				GCC_WARN_ABOUT_RETURN_TYPE = YES_ERROR;
				GCC_WARN_UNDECLARED_SELECTOR = YES;
				GCC_WARN_UNINITIALIZED_AUTOS = YES_AGGRESSIVE;
				GCC_WARN_UNUSED_FUNCTION = YES;
				GCC_WARN_UNUSED_VARIABLE = YES;
				IPHONEOS_DEPLOYMENT_TARGET = 15.5;
				MTL_ENABLE_DEBUG_INFO = INCLUDE_SOURCE;
				MTL_FAST_MATH = YES;
				ONLY_ACTIVE_ARCH = YES;
				SDKROOT = iphoneos;
				SWIFT_ACTIVE_COMPILATION_CONDITIONS = DEBUG;
				SWIFT_OPTIMIZATION_LEVEL = "-Onone";
			};
			name = Debug;
		};
		4BFE2F112897E6020023023E /* Release */ = {
			isa = XCBuildConfiguration;
			buildSettings = {
				ALWAYS_SEARCH_USER_PATHS = NO;
				CLANG_ANALYZER_NONNULL = YES;
				CLANG_ANALYZER_NUMBER_OBJECT_CONVERSION = YES_AGGRESSIVE;
				CLANG_CXX_LANGUAGE_STANDARD = "gnu++17";
				CLANG_ENABLE_MODULES = YES;
				CLANG_ENABLE_OBJC_ARC = YES;
				CLANG_ENABLE_OBJC_WEAK = YES;
				CLANG_WARN_BLOCK_CAPTURE_AUTORELEASING = YES;
				CLANG_WARN_BOOL_CONVERSION = YES;
				CLANG_WARN_COMMA = YES;
				CLANG_WARN_CONSTANT_CONVERSION = YES;
				CLANG_WARN_DEPRECATED_OBJC_IMPLEMENTATIONS = YES;
				CLANG_WARN_DIRECT_OBJC_ISA_USAGE = YES_ERROR;
				CLANG_WARN_DOCUMENTATION_COMMENTS = YES;
				CLANG_WARN_EMPTY_BODY = YES;
				CLANG_WARN_ENUM_CONVERSION = YES;
				CLANG_WARN_INFINITE_RECURSION = YES;
				CLANG_WARN_INT_CONVERSION = YES;
				CLANG_WARN_NON_LITERAL_NULL_CONVERSION = YES;
				CLANG_WARN_OBJC_IMPLICIT_RETAIN_SELF = YES;
				CLANG_WARN_OBJC_LITERAL_CONVERSION = YES;
				CLANG_WARN_OBJC_ROOT_CLASS = YES_ERROR;
				CLANG_WARN_QUOTED_INCLUDE_IN_FRAMEWORK_HEADER = YES;
				CLANG_WARN_RANGE_LOOP_ANALYSIS = YES;
				CLANG_WARN_STRICT_PROTOTYPES = YES;
				CLANG_WARN_SUSPICIOUS_MOVE = YES;
				CLANG_WARN_UNGUARDED_AVAILABILITY = YES_AGGRESSIVE;
				CLANG_WARN_UNREACHABLE_CODE = YES;
				CLANG_WARN__DUPLICATE_METHOD_MATCH = YES;
				COPY_PHASE_STRIP = NO;
				DEBUG_INFORMATION_FORMAT = "dwarf-with-dsym";
				ENABLE_NS_ASSERTIONS = NO;
				ENABLE_STRICT_OBJC_MSGSEND = YES;
				GCC_C_LANGUAGE_STANDARD = gnu11;
				GCC_NO_COMMON_BLOCKS = YES;
				GCC_WARN_64_TO_32_BIT_CONVERSION = YES;
				GCC_WARN_ABOUT_RETURN_TYPE = YES_ERROR;
				GCC_WARN_UNDECLARED_SELECTOR = YES;
				GCC_WARN_UNINITIALIZED_AUTOS = YES_AGGRESSIVE;
				GCC_WARN_UNUSED_FUNCTION = YES;
				GCC_WARN_UNUSED_VARIABLE = YES;
				IPHONEOS_DEPLOYMENT_TARGET = 15.5;
				MTL_ENABLE_DEBUG_INFO = NO;
				MTL_FAST_MATH = YES;
				SDKROOT = iphoneos;
				SWIFT_COMPILATION_MODE = wholemodule;
				SWIFT_OPTIMIZATION_LEVEL = "-O";
				VALIDATE_PRODUCT = YES;
			};
			name = Release;
		};
		4BFE2F132897E6020023023E /* Debug */ = {
			isa = XCBuildConfiguration;
			buildSettings = {
				ASSETCATALOG_COMPILER_APPICON_NAME = AppIcon;
				ASSETCATALOG_COMPILER_GLOBAL_ACCENT_COLOR_NAME = AccentColor;
				CODE_SIGN_STYLE = Automatic;
				CURRENT_PROJECT_VERSION = 1;
				DEVELOPMENT_TEAM = GP9DF5DX3M;
				GENERATE_INFOPLIST_FILE = YES;
				INFOPLIST_FILE = GitHubInsta1/Info.plist;
				INFOPLIST_KEY_UIApplicationSupportsIndirectInputEvents = YES;
				INFOPLIST_KEY_UILaunchStoryboardName = LaunchScreen;
				INFOPLIST_KEY_UIMainStoryboardFile = Main;
				INFOPLIST_KEY_UISupportedInterfaceOrientations_iPad = "UIInterfaceOrientationPortrait UIInterfaceOrientationPortraitUpsideDown UIInterfaceOrientationLandscapeLeft UIInterfaceOrientationLandscapeRight";
				INFOPLIST_KEY_UISupportedInterfaceOrientations_iPhone = "UIInterfaceOrientationPortrait UIInterfaceOrientationLandscapeLeft UIInterfaceOrientationLandscapeRight";
				LD_RUNPATH_SEARCH_PATHS = (
					"$(inherited)",
					"@executable_path/Frameworks",
				);
				MARKETING_VERSION = 1.0;
				PRODUCT_BUNDLE_IDENTIFIER = habibcmb.GitHubInsta1;
				PRODUCT_NAME = "$(TARGET_NAME)";
				SWIFT_EMIT_LOC_STRINGS = YES;
				SWIFT_VERSION = 5.0;
				TARGETED_DEVICE_FAMILY = "1,2";
			};
			name = Debug;
		};
		4BFE2F142897E6020023023E /* Release */ = {
			isa = XCBuildConfiguration;
			buildSettings = {
				ASSETCATALOG_COMPILER_APPICON_NAME = AppIcon;
				ASSETCATALOG_COMPILER_GLOBAL_ACCENT_COLOR_NAME = AccentColor;
				CODE_SIGN_STYLE = Automatic;
				CURRENT_PROJECT_VERSION = 1;
				DEVELOPMENT_TEAM = GP9DF5DX3M;
				GENERATE_INFOPLIST_FILE = YES;
				INFOPLIST_FILE = GitHubInsta1/Info.plist;
				INFOPLIST_KEY_UIApplicationSupportsIndirectInputEvents = YES;
				INFOPLIST_KEY_UILaunchStoryboardName = LaunchScreen;
				INFOPLIST_KEY_UIMainStoryboardFile = Main;
				INFOPLIST_KEY_UISupportedInterfaceOrientations_iPad = "UIInterfaceOrientationPortrait UIInterfaceOrientationPortraitUpsideDown UIInterfaceOrientationLandscapeLeft UIInterfaceOrientationLandscapeRight";
				INFOPLIST_KEY_UISupportedInterfaceOrientations_iPhone = "UIInterfaceOrientationPortrait UIInterfaceOrientationLandscapeLeft UIInterfaceOrientationLandscapeRight";
				LD_RUNPATH_SEARCH_PATHS = (
					"$(inherited)",
					"@executable_path/Frameworks",
				);
				MARKETING_VERSION = 1.0;
				PRODUCT_BUNDLE_IDENTIFIER = habibcmb.GitHubInsta1;
				PRODUCT_NAME = "$(TARGET_NAME)";
				SWIFT_EMIT_LOC_STRINGS = YES;
				SWIFT_VERSION = 5.0;
				TARGETED_DEVICE_FAMILY = "1,2";
			};
			name = Release;
		};
/* End XCBuildConfiguration section */

/* Begin XCConfigurationList section */
		4BFE2EF62897E6010023023E /* Build configuration list for PBXProject "GitHubInsta1" */ = {
			isa = XCConfigurationList;
			buildConfigurations = (
				4BFE2F102897E6020023023E /* Debug */,
				4BFE2F112897E6020023023E /* Release */,
			);
			defaultConfigurationIsVisible = 0;
			defaultConfigurationName = Release;
		};
		4BFE2F122897E6020023023E /* Build configuration list for PBXNativeTarget "GitHubInsta1" */ = {
			isa = XCConfigurationList;
			buildConfigurations = (
				4BFE2F132897E6020023023E /* Debug */,
				4BFE2F142897E6020023023E /* Release */,
			);
			defaultConfigurationIsVisible = 0;
			defaultConfigurationName = Release;
		};
/* End XCConfigurationList section */

/* Begin XCVersionGroup section */
		4BFE2F072897E6010023023E /* GitHubInsta1.xcdatamodeld */ = {
			isa = XCVersionGroup;
			children = (
				4BFE2F082897E6010023023E /* GitHubInsta1.xcdatamodel */,
			);
			currentVersion = 4BFE2F082897E6010023023E /* GitHubInsta1.xcdatamodel */;
			path = GitHubInsta1.xcdatamodeld;
			sourceTree = "<group>";
			versionGroupType = wrapper.xcdatamodel;
		};
/* End XCVersionGroup section */
	};
	rootObject = 4BFE2EF32897E6010023023E /* Project object */;
}
